// !$*UTF8*$!
{
	archiveVersion = 1;
	classes = {
	};
	objectVersion = 46;
	objects = {

/* Begin PBXGroup section */
		BB2CFEE01E78EAB9005CE046 = {
			isa = PBXGroup;
			children = (
			);
			sourceTree = "<group>";
		};
/* End PBXGroup section */

/* Begin PBXProject section */
		BB2CFEE11E78EAB9005CE046 /* Project object */ = {
			isa = PBXProject;
			attributes = {
				LastUpgradeCheck = 0810;
			};
			buildConfigurationList = BB2CFEE41E78EAB9005CE046 /* Build configuration list for PBXProject "caffe" */;
			compatibilityVersion = "Xcode 3.2";
			developmentRegion = English;
			hasScannedForEncodings = 0;
			knownRegions = (
				en,
			);
			mainGroup = BB2CFEE01E78EAB9005CE046;
			projectDirPath = "";
			projectRoot = "";
			targets = (
			);
		};
/* End PBXProject section */

/* Begin XCBuildConfiguration section */
		BB2CFEE51E78EAB9005CE046 /* Debug */ = {
			isa = XCBuildConfiguration;
			buildSettings = {
			};
			name = Debug;
		};
		BB2CFEE61E78EAB9005CE046 /* Release */ = {
			isa = XCBuildConfiguration;
			buildSettings = {
			};
			name = Release;
		};
/* End XCBuildConfiguration section */

/* Begin XCConfigurationList section */
		BB2CFEE41E78EAB9005CE046 /* Build configuration list for PBXProject "caffe" */ = {
			isa = XCConfigurationList;
			buildConfigurations = (
				BB2CFEE51E78EAB9005CE046 /* Debug */,
				BB2CFEE61E78EAB9005CE046 /* Release */,
			);
			defaultConfigurationIsVisible = 0;
			defaultConfigurationName = Release;
		};
/* End XCConfigurationList section */
	};
	rootObject = BB2CFEE11E78EAB9005CE046 /* Project object */;
}
